
Microsoft Visual Studio Solution File, Format Version 12.00
# Visual Studio 14
VisualStudioVersion = 14.0.25420.1
MinimumVisualStudioVersion = 10.0.40219.1
Project("{FAE04EC0-301F-11D3-BF4B-00C04F79EFBC}") = "QuanLySieuThi", "QuanLySieuThi\QuanLySieuThi.csproj", "{44E2DD27-7FED-4852-AC6F-2ED3152328BC}"
EndProject
Project("{FAE04EC0-301F-11D3-BF4B-00C04F79EFBC}") = "DTO", "DTO\DTO.csproj", "{CA4F3801-380B-4706-B5EC-4C9027100CEC}"
EndProject
Project("{FAE04EC0-301F-11D3-BF4B-00C04F79EFBC}") = "DAL", "DAL\DAL.csproj", "{DFAFAA82-5F96-48ED-8AC0-771F817F0653}"
EndProject
Project("{FAE04EC0-301F-11D3-BF4B-00C04F79EFBC}") = "BUL", "BUL\BUL.csproj", "{34156DEF-8F36-48DF-8DBB-FBA8433DEE54}"
EndProject
Global
	GlobalSection(SolutionConfigurationPlatforms) = preSolution
		Debug|Any CPU = Debug|Any CPU
		Release|Any CPU = Release|Any CPU
	EndGlobalSection
	GlobalSection(ProjectConfigurationPlatforms) = postSolution
		{44E2DD27-7FED-4852-AC6F-2ED3152328BC}.Debug|Any CPU.ActiveCfg = Debug|Any CPU
		{44E2DD27-7FED-4852-AC6F-2ED3152328BC}.Debug|Any CPU.Build.0 = Debug|Any CPU
		{44E2DD27-7FED-4852-AC6F-2ED3152328BC}.Release|Any CPU.ActiveCfg = Release|Any CPU
		{44E2DD27-7FED-4852-AC6F-2ED3152328BC}.Release|Any CPU.Build.0 = Release|Any CPU
		{CA4F3801-380B-4706-B5EC-4C9027100CEC}.Debug|Any CPU.ActiveCfg = Debug|Any CPU
		{CA4F3801-380B-4706-B5EC-4C9027100CEC}.Debug|Any CPU.Build.0 = Debug|Any CPU
		{CA4F3801-380B-4706-B5EC-4C9027100CEC}.Release|Any CPU.ActiveCfg = Release|Any CPU
		{CA4F3801-380B-4706-B5EC-4C9027100CEC}.Release|Any CPU.Build.0 = Release|Any CPU
		{DFAFAA82-5F96-48ED-8AC0-771F817F0653}.Debug|Any CPU.ActiveCfg = Debug|Any CPU
		{DFAFAA82-5F96-48ED-8AC0-771F817F0653}.Debug|Any CPU.Build.0 = Debug|Any CPU
		{DFAFAA82-5F96-48ED-8AC0-771F817F0653}.Release|Any CPU.ActiveCfg = Release|Any CPU
		{DFAFAA82-5F96-48ED-8AC0-771F817F0653}.Release|Any CPU.Build.0 = Release|Any CPU
		{34156DEF-8F36-48DF-8DBB-FBA8433DEE54}.Debug|Any CPU.ActiveCfg = Debug|Any CPU
		{34156DEF-8F36-48DF-8DBB-FBA8433DEE54}.Debug|Any CPU.Build.0 = Debug|Any CPU
		{34156DEF-8F36-48DF-8DBB-FBA8433DEE54}.Release|Any CPU.ActiveCfg = Release|Any CPU
		{34156DEF-8F36-48DF-8DBB-FBA8433DEE54}.Release|Any CPU.Build.0 = Release|Any CPU
	EndGlobalSection
	GlobalSection(SolutionProperties) = preSolution
		HideSolutionNode = FALSE
	EndGlobalSection
EndGlobal
